// !$*UTF8*$!
{
	archiveVersion = 1;
	classes = {
	};
	objectVersion = 46;
	objects = {

/* Begin PBXBuildFile section */
		24BFD40B1B38605900B9CCE2 /* ContentViewController.m in Sources */ = {isa = PBXBuildFile; fileRef = 24BFD40A1B38605900B9CCE2 /* ContentViewController.m */; };
		D60DF44E1B38083D00E1455A /* main.m in Sources */ = {isa = PBXBuildFile; fileRef = D60DF44D1B38083D00E1455A /* main.m */; };
		D60DF4511B38083D00E1455A /* AppDelegate.m in Sources */ = {isa = PBXBuildFile; fileRef = D60DF4501B38083D00E1455A /* AppDelegate.m */; };
		D60DF4541B38083D00E1455A /* ListViewController.m in Sources */ = {isa = PBXBuildFile; fileRef = D60DF4531B38083D00E1455A /* ListViewController.m */; };
		D60DF4571B38083D00E1455A /* Main.storyboard in Resources */ = {isa = PBXBuildFile; fileRef = D60DF4551B38083D00E1455A /* Main.storyboard */; };
		D60DF4591B38083D00E1455A /* Images.xcassets in Resources */ = {isa = PBXBuildFile; fileRef = D60DF4581B38083D00E1455A /* Images.xcassets */; };
		D60DF45C1B38083D00E1455A /* LaunchScreen.xib in Resources */ = {isa = PBXBuildFile; fileRef = D60DF45A1B38083D00E1455A /* LaunchScreen.xib */; };
		D60DF4681B38083D00E1455A /* NerdFeedTests.m in Sources */ = {isa = PBXBuildFile; fileRef = D60DF4671B38083D00E1455A /* NerdFeedTests.m */; };
/* End PBXBuildFile section */

/* Begin PBXContainerItemProxy section */
		D60DF4621B38083D00E1455A /* PBXContainerItemProxy */ = {
			isa = PBXContainerItemProxy;
			containerPortal = D60DF4401B38083D00E1455A /* Project object */;
			proxyType = 1;
			remoteGlobalIDString = D60DF4471B38083D00E1455A;
			remoteInfo = NerdFeed;
		};
/* End PBXContainerItemProxy section */

/* Begin PBXFileReference section */
		24BFD4091B38605900B9CCE2 /* ContentViewController.h */ = {isa = PBXFileReference; fileEncoding = 4; lastKnownFileType = sourcecode.c.h; path = ContentViewController.h; sourceTree = "<group>"; };
		24BFD40A1B38605900B9CCE2 /* ContentViewController.m */ = {isa = PBXFileReference; fileEncoding = 4; lastKnownFileType = sourcecode.c.objc; path = ContentViewController.m; sourceTree = "<group>"; };
		D60DF4481B38083D00E1455A /* NerdFeed.app */ = {isa = PBXFileReference; explicitFileType = wrapper.application; includeInIndex = 0; path = NerdFeed.app; sourceTree = BUILT_PRODUCTS_DIR; };
		D60DF44C1B38083D00E1455A /* Info.plist */ = {isa = PBXFileReference; lastKnownFileType = text.plist.xml; path = Info.plist; sourceTree = "<group>"; };
		D60DF44D1B38083D00E1455A /* main.m */ = {isa = PBXFileReference; lastKnownFileType = sourcecode.c.objc; path = main.m; sourceTree = "<group>"; };
		D60DF44F1B38083D00E1455A /* AppDelegate.h */ = {isa = PBXFileReference; lastKnownFileType = sourcecode.c.h; path = AppDelegate.h; sourceTree = "<group>"; };
		D60DF4501B38083D00E1455A /* AppDelegate.m */ = {isa = PBXFileReference; lastKnownFileType = sourcecode.c.objc; path = AppDelegate.m; sourceTree = "<group>"; };
		D60DF4521B38083D00E1455A /* ListViewController.h */ = {isa = PBXFileReference; lastKnownFileType = sourcecode.c.h; path = ListViewController.h; sourceTree = "<group>"; };
		D60DF4531B38083D00E1455A /* ListViewController.m */ = {isa = PBXFileReference; lastKnownFileType = sourcecode.c.objc; path = ListViewController.m; sourceTree = "<group>"; };
		D60DF4561B38083D00E1455A /* Base */ = {isa = PBXFileReference; lastKnownFileType = file.storyboard; name = Base; path = Base.lproj/Main.storyboard; sourceTree = "<group>"; };
		D60DF4581B38083D00E1455A /* Images.xcassets */ = {isa = PBXFileReference; lastKnownFileType = folder.assetcatalog; path = Images.xcassets; sourceTree = "<group>"; };
		D60DF45B1B38083D00E1455A /* Base */ = {isa = PBXFileReference; lastKnownFileType = file.xib; name = Base; path = Base.lproj/LaunchScreen.xib; sourceTree = "<group>"; };
		D60DF4611B38083D00E1455A /* NerdFeedTests.xctest */ = {isa = PBXFileReference; explicitFileType = wrapper.cfbundle; includeInIndex = 0; path = NerdFeedTests.xctest; sourceTree = BUILT_PRODUCTS_DIR; };
		D60DF4661B38083D00E1455A /* Info.plist */ = {isa = PBXFileReference; lastKnownFileType = text.plist.xml; path = Info.plist; sourceTree = "<group>"; };
		D60DF4671B38083D00E1455A /* NerdFeedTests.m */ = {isa = PBXFileReference; lastKnownFileType = sourcecode.c.objc; path = NerdFeedTests.m; sourceTree = "<group>"; };
/* End PBXFileReference section */

/* Begin PBXFrameworksBuildPhase section */
		D60DF4451B38083D00E1455A /* Frameworks */ = {
			isa = PBXFrameworksBuildPhase;
			buildActionMask = 2147483647;
			files = (
			);
			runOnlyForDeploymentPostprocessing = 0;
		};
		D60DF45E1B38083D00E1455A /* Frameworks */ = {
			isa = PBXFrameworksBuildPhase;
			buildActionMask = 2147483647;
			files = (
			);
			runOnlyForDeploymentPostprocessing = 0;
		};
/* End PBXFrameworksBuildPhase section */

/* Begin PBXGroup section */
		D60DF43F1B38083D00E1455A = {
			isa = PBXGroup;
			children = (
				D60DF44A1B38083D00E1455A /* NerdFeed */,
				D60DF4641B38083D00E1455A /* NerdFeedTests */,
				D60DF4491B38083D00E1455A /* Products */,
			);
			sourceTree = "<group>";
		};
		D60DF4491B38083D00E1455A /* Products */ = {
			isa = PBXGroup;
			children = (
				D60DF4481B38083D00E1455A /* NerdFeed.app */,
				D60DF4611B38083D00E1455A /* NerdFeedTests.xctest */,
			);
			name = Products;
			sourceTree = "<group>";
		};
		D60DF44A1B38083D00E1455A /* NerdFeed */ = {
			isa = PBXGroup;
			children = (
				D60DF44F1B38083D00E1455A /* AppDelegate.h */,
				D60DF4501B38083D00E1455A /* AppDelegate.m */,
				D60DF4521B38083D00E1455A /* ListViewController.h */,
				D60DF4531B38083D00E1455A /* ListViewController.m */,
				24BFD4091B38605900B9CCE2 /* ContentViewController.h */,
				24BFD40A1B38605900B9CCE2 /* ContentViewController.m */,
				D60DF4551B38083D00E1455A /* Main.storyboard */,
				D60DF4581B38083D00E1455A /* Images.xcassets */,
				D60DF45A1B38083D00E1455A /* LaunchScreen.xib */,
				D60DF44B1B38083D00E1455A /* Supporting Files */,
			);
			path = NerdFeed;
			sourceTree = "<group>";
		};
		D60DF44B1B38083D00E1455A /* Supporting Files */ = {
			isa = PBXGroup;
			children = (
				D60DF44C1B38083D00E1455A /* Info.plist */,
				D60DF44D1B38083D00E1455A /* main.m */,
			);
			name = "Supporting Files";
			sourceTree = "<group>";
		};
		D60DF4641B38083D00E1455A /* NerdFeedTests */ = {
			isa = PBXGroup;
			children = (
				D60DF4671B38083D00E1455A /* NerdFeedTests.m */,
				D60DF4651B38083D00E1455A /* Supporting Files */,
			);
			path = NerdFeedTests;
			sourceTree = "<group>";
		};
		D60DF4651B38083D00E1455A /* Supporting Files */ = {
			isa = PBXGroup;
			children = (
				D60DF4661B38083D00E1455A /* Info.plist */,
			);
			name = "Supporting Files";
			sourceTree = "<group>";
		};
/* End PBXGroup section */

/* Begin PBXNativeTarget section */
		D60DF4471B38083D00E1455A /* NerdFeed */ = {
			isa = PBXNativeTarget;
			buildConfigurationList = D60DF46B1B38083D00E1455A /* Build configuration list for PBXNativeTarget "NerdFeed" */;
			buildPhases = (
				D60DF4441B38083D00E1455A /* Sources */,
				D60DF4451B38083D00E1455A /* Frameworks */,
				D60DF4461B38083D00E1455A /* Resources */,
			);
			buildRules = (
			);
			dependencies = (
			);
			name = NerdFeed;
			productName = NerdFeed;
			productReference = D60DF4481B38083D00E1455A /* NerdFeed.app */;
			productType = "com.apple.product-type.application";
		};
		D60DF4601B38083D00E1455A /* NerdFeedTests */ = {
			isa = PBXNativeTarget;
			buildConfigurationList = D60DF46E1B38083D00E1455A /* Build configuration list for PBXNativeTarget "NerdFeedTests" */;
			buildPhases = (
				D60DF45D1B38083D00E1455A /* Sources */,
				D60DF45E1B38083D00E1455A /* Frameworks */,
				D60DF45F1B38083D00E1455A /* Resources */,
			);
			buildRules = (
			);
			dependencies = (
				D60DF4631B38083D00E1455A /* PBXTargetDependency */,
			);
			name = NerdFeedTests;
			productName = NerdFeedTests;
			productReference = D60DF4611B38083D00E1455A /* NerdFeedTests.xctest */;
			productType = "com.apple.product-type.bundle.unit-test";
		};
/* End PBXNativeTarget section */

/* Begin PBXProject section */
		D60DF4401B38083D00E1455A /* Project object */ = {
			isa = PBXProject;
			attributes = {
				LastUpgradeCheck = 0630;
				ORGANIZATIONNAME = Gree;
				TargetAttributes = {
					D60DF4471B38083D00E1455A = {
						CreatedOnToolsVersion = 6.3.2;
					};
					D60DF4601B38083D00E1455A = {
						CreatedOnToolsVersion = 6.3.2;
						TestTargetID = D60DF4471B38083D00E1455A;
					};
				};
			};
			buildConfigurationList = D60DF4431B38083D00E1455A /* Build configuration list for PBXProject "NerdFeed" */;
			compatibilityVersion = "Xcode 3.2";
			developmentRegion = English;
			hasScannedForEncodings = 0;
			knownRegions = (
				en,
				Base,
			);
			mainGroup = D60DF43F1B38083D00E1455A;
			productRefGroup = D60DF4491B38083D00E1455A /* Products */;
			projectDirPath = "";
			projectRoot = "";
			targets = (
				D60DF4471B38083D00E1455A /* NerdFeed */,
				D60DF4601B38083D00E1455A /* NerdFeedTests */,
			);
		};
/* End PBXProject section */

/* Begin PBXResourcesBuildPhase section */
		D60DF4461B38083D00E1455A /* Resources */ = {
			isa = PBXResourcesBuildPhase;
			buildActionMask = 2147483647;
			files = (
				D60DF4571B38083D00E1455A /* Main.storyboard in Resources */,
				D60DF45C1B38083D00E1455A /* LaunchScreen.xib in Resources */,
				D60DF4591B38083D00E1455A /* Images.xcassets in Resources */,
			);
			runOnlyForDeploymentPostprocessing = 0;
		};
		D60DF45F1B38083D00E1455A /* Resources */ = {
			isa = PBXResourcesBuildPhase;
			buildActionMask = 2147483647;
			files = (
			);
			runOnlyForDeploymentPostprocessing = 0;
		};
/* End PBXResourcesBuildPhase section */

/* Begin PBXSourcesBuildPhase section */
		D60DF4441B38083D00E1455A /* Sources */ = {
			isa = PBXSourcesBuildPhase;
			buildActionMask = 2147483647;
			files = (
				24BFD40B1B38605900B9CCE2 /* ContentViewController.m in Sources */,
				D60DF4541B38083D00E1455A /* ListViewController.m in Sources */,
				D60DF4511B38083D00E1455A /* AppDelegate.m in Sources */,
				D60DF44E1B38083D00E1455A /* main.m in Sources */,
			);
			runOnlyForDeploymentPostprocessing = 0;
		};
		D60DF45D1B38083D00E1455A /* Sources */ = {
			isa = PBXSourcesBuildPhase;
			buildActionMask = 2147483647;
			files = (
				D60DF4681B38083D00E1455A /* NerdFeedTests.m in Sources */,
			);
			runOnlyForDeploymentPostprocessing = 0;
		};
/* End PBXSourcesBuildPhase section */

/* Begin PBXTargetDependency section */
		D60DF4631B38083D00E1455A /* PBXTargetDependency */ = {
			isa = PBXTargetDependency;
			target = D60DF4471B38083D00E1455A /* NerdFeed */;
			targetProxy = D60DF4621B38083D00E1455A /* PBXContainerItemProxy */;
		};
/* End PBXTargetDependency section */

/* Begin PBXVariantGroup section */
		D60DF4551B38083D00E1455A /* Main.storyboard */ = {
			isa = PBXVariantGroup;
			children = (
				D60DF4561B38083D00E1455A /* Base */,
			);
			name = Main.storyboard;
			sourceTree = "<group>";
		};
		D60DF45A1B38083D00E1455A /* LaunchScreen.xib */ = {
			isa = PBXVariantGroup;
			children = (
				D60DF45B1B38083D00E1455A /* Base */,
			);
			name = LaunchScreen.xib;
			sourceTree = "<group>";
		};
/* End PBXVariantGroup section */

/* Begin XCBuildConfiguration section */
		D60DF4691B38083D00E1455A /* Debug */ = {
			isa = XCBuildConfiguration;
			buildSettings = {
				ALWAYS_SEARCH_USER_PATHS = NO;
				CLANG_CXX_LANGUAGE_STANDARD = "gnu++0x";
				CLANG_CXX_LIBRARY = "libc++";
				CLANG_ENABLE_MODULES = YES;
				CLANG_ENABLE_OBJC_ARC = YES;
				CLANG_WARN_BOOL_CONVERSION = YES;
				CLANG_WARN_CONSTANT_CONVERSION = YES;
				CLANG_WARN_DIRECT_OBJC_ISA_USAGE = YES_ERROR;
				CLANG_WARN_EMPTY_BODY = YES;
				CLANG_WARN_ENUM_CONVERSION = YES;
				CLANG_WARN_INT_CONVERSION = YES;
				CLANG_WARN_OBJC_ROOT_CLASS = YES_ERROR;
				CLANG_WARN_UNREACHABLE_CODE = YES;
				CLANG_WARN__DUPLICATE_METHOD_MATCH = YES;
				"CODE_SIGN_IDENTITY[sdk=iphoneos*]" = "iPhone Developer";
				COPY_PHASE_STRIP = NO;
				DEBUG_INFORMATION_FORMAT = "dwarf-with-dsym";
				ENABLE_STRICT_OBJC_MSGSEND = YES;
				GCC_C_LANGUAGE_STANDARD = gnu99;
				GCC_DYNAMIC_NO_PIC = NO;
				GCC_NO_COMMON_BLOCKS = YES;
				GCC_OPTIMIZATION_LEVEL = 0;
				GCC_PREPROCESSOR_DEFINITIONS = (
					"DEBUG=1",
					"$(inherited)",
				);
				GCC_SYMBOLS_PRIVATE_EXTERN = NO;
				GCC_WARN_64_TO_32_BIT_CONVERSION = YES;
				GCC_WARN_ABOUT_RETURN_TYPE = YES_ERROR;
				GCC_WARN_UNDECLARED_SELECTOR = YES;
				GCC_WARN_UNINITIALIZED_AUTOS = YES_AGGRESSIVE;
				GCC_WARN_UNUSED_FUNCTION = YES;
				GCC_WARN_UNUSED_VARIABLE = YES;
				IPHONEOS_DEPLOYMENT_TARGET = 8.3;
				MTL_ENABLE_DEBUG_INFO = YES;
				ONLY_ACTIVE_ARCH = YES;
				SDKROOT = iphoneos;
			};
			name = Debug;
		};
		D60DF46A1B38083D00E1455A /* Release */ = {
			isa = XCBuildConfiguration;
			buildSettings = {
				ALWAYS_SEARCH_USER_PATHS = NO;
				CLANG_CXX_LANGUAGE_STANDARD = "gnu++0x";
				CLANG_CXX_LIBRARY = "libc++";
				CLANG_ENABLE_MODULES = YES;
				CLANG_ENABLE_OBJC_ARC = YES;
				CLANG_WARN_BOOL_CONVERSION = YES;
				CLANG_WARN_CONSTANT_CONVERSION = YES;
				CLANG_WARN_DIRECT_OBJC_ISA_USAGE = YES_ERROR;
				CLANG_WARN_EMPTY_BODY = YES;
				CLANG_WARN_ENUM_CONVERSION = YES;
				CLANG_WARN_INT_CONVERSION = YES;
				CLANG_WARN_OBJC_ROOT_CLASS = YES_ERROR;
				CLANG_WARN_UNREACHABLE_CODE = YES;
				CLANG_WARN__DUPLICATE_METHOD_MATCH = YES;
				"CODE_SIGN_IDENTITY[sdk=iphoneos*]" = "iPhone Developer";
				COPY_PHASE_STRIP = NO;
				DEBUG_INFORMATION_FORMAT = "dwarf-with-dsym";
				ENABLE_NS_ASSERTIONS = NO;
				ENABLE_STRICT_OBJC_MSGSEND = YES;
				GCC_C_LANGUAGE_STANDARD = gnu99;
				GCC_NO_COMMON_BLOCKS = YES;
				GCC_WARN_64_TO_32_BIT_CONVERSION = YES;
				GCC_WARN_ABOUT_RETURN_TYPE = YES_ERROR;
				GCC_WARN_UNDECLARED_SELECTOR = YES;
				GCC_WARN_UNINITIALIZED_AUTOS = YES_AGGRESSIVE;
				GCC_WARN_UNUSED_FUNCTION = YES;
				GCC_WARN_UNUSED_VARIABLE = YES;
				IPHONEOS_DEPLOYMENT_TARGET = 8.3;
				MTL_ENABLE_DEBUG_INFO = NO;
				SDKROOT = iphoneos;
				VALIDATE_PRODUCT = YES;
			};
			name = Release;
		};
		D60DF46C1B38083D00E1455A /* Debug */ = {
			isa = XCBuildConfiguration;
			buildSettings = {
				ASSETCATALOG_COMPILER_APPICON_NAME = AppIcon;
				INFOPLIST_FILE = NerdFeed/Info.plist;
				LD_RUNPATH_SEARCH_PATHS = "$(inherited) @executable_path/Frameworks";
				PRODUCT_NAME = "$(TARGET_NAME)";
			};
			name = Debug;
		};
		D60DF46D1B38083D00E1455A /* Release */ = {
			isa = XCBuildConfiguration;
			buildSettings = {
				ASSETCATALOG_COMPILER_APPICON_NAME = AppIcon;
				INFOPLIST_FILE = NerdFeed/Info.plist;
				LD_RUNPATH_SEARCH_PATHS = "$(inherited) @executable_path/Frameworks";
				PRODUCT_NAME = "$(TARGET_NAME)";
			};
			name = Release;
		};
		D60DF46F1B38083D00E1455A /* Debug */ = {
			isa = XCBuildConfiguration;
			buildSettings = {
				BUNDLE_LOADER = "$(TEST_HOST)";
				FRAMEWORK_SEARCH_PATHS = (
					"$(SDKROOT)/Developer/Library/Frameworks",
					"$(inherited)",
				);
				GCC_PREPROCESSOR_DEFINITIONS = (
					"DEBUG=1",
					"$(inherited)",
				);
				INFOPLIST_FILE = NerdFeedTests/Info.plist;
				LD_RUNPATH_SEARCH_PATHS = "$(inherited) @executable_path/Frameworks @loader_path/Frameworks";
				PRODUCT_NAME = "$(TARGET_NAME)";
				TEST_HOST = "$(BUILT_PRODUCTS_DIR)/NerdFeed.app/NerdFeed";
			};
			name = Debug;
		};
		D60DF4701B38083D00E1455A /* Release */ = {
			isa = XCBuildConfiguration;
			buildSettings = {
				BUNDLE_LOADER = "$(TEST_HOST)";
				FRAMEWORK_SEARCH_PATHS = (
					"$(SDKROOT)/Developer/Library/Frameworks",
					"$(inherited)",
				);
				INFOPLIST_FILE = NerdFeedTests/Info.plist;
				LD_RUNPATH_SEARCH_PATHS = "$(inherited) @executable_path/Frameworks @loader_path/Frameworks";
				PRODUCT_NAME = "$(TARGET_NAME)";
				TEST_HOST = "$(BUILT_PRODUCTS_DIR)/NerdFeed.app/NerdFeed";
			};
			name = Release;
		};
/* End XCBuildConfiguration section */

/* Begin XCConfigurationList section */
		D60DF4431B38083D00E1455A /* Build configuration list for PBXProject "NerdFeed" */ = {
			isa = XCConfigurationList;
			buildConfigurations = (
				D60DF4691B38083D00E1455A /* Debug */,
				D60DF46A1B38083D00E1455A /* Release */,
			);
			defaultConfigurationIsVisible = 0;
			defaultConfigurationName = Release;
		};
		D60DF46B1B38083D00E1455A /* Build configuration list for PBXNativeTarget "NerdFeed" */ = {
			isa = XCConfigurationList;
			buildConfigurations = (
				D60DF46C1B38083D00E1455A /* Debug */,
				D60DF46D1B38083D00E1455A /* Release */,
			);
			defaultConfigurationIsVisible = 0;
			defaultConfigurationName = Release;
		};
		D60DF46E1B38083D00E1455A /* Build configuration list for PBXNativeTarget "NerdFeedTests" */ = {
			isa = XCConfigurationList;
			buildConfigurations = (
				D60DF46F1B38083D00E1455A /* Debug */,
				D60DF4701B38083D00E1455A /* Release */,
			);
			defaultConfigurationIsVisible = 0;
			defaultConfigurationName = Release;
		};
/* End XCConfigurationList section */
	};
	rootObject = D60DF4401B38083D00E1455A /* Project object */;
}
