// !$*UTF8*$!
{
	archiveVersion = 1;
	classes = {
	};
	objectVersion = 46;
	objects = {

/* Begin PBXBuildFile section */
		241152C61B18C59900829672 /* main.m in Sources */ = {isa = PBXBuildFile; fileRef = 241152C51B18C59900829672 /* main.m */; };
		241152C91B18C59900829672 /* AppDelegate.m in Sources */ = {isa = PBXBuildFile; fileRef = 241152C81B18C59900829672 /* AppDelegate.m */; };
		241152CC1B18C59900829672 /* HitList.xcdatamodeld in Sources */ = {isa = PBXBuildFile; fileRef = 241152CA1B18C59900829672 /* HitList.xcdatamodeld */; };
		241152CF1B18C59900829672 /* ViewController.m in Sources */ = {isa = PBXBuildFile; fileRef = 241152CE1B18C59900829672 /* ViewController.m */; };
		241152D21B18C59900829672 /* Main.storyboard in Resources */ = {isa = PBXBuildFile; fileRef = 241152D01B18C59900829672 /* Main.storyboard */; };
		241152D41B18C59900829672 /* Images.xcassets in Resources */ = {isa = PBXBuildFile; fileRef = 241152D31B18C59900829672 /* Images.xcassets */; };
		241152D71B18C59900829672 /* LaunchScreen.xib in Resources */ = {isa = PBXBuildFile; fileRef = 241152D51B18C59900829672 /* LaunchScreen.xib */; };
		241152E31B18C59900829672 /* HitListTests.m in Sources */ = {isa = PBXBuildFile; fileRef = 241152E21B18C59900829672 /* HitListTests.m */; };
		241152ED1B1A0D8900829672 /* CoreData.framework in Frameworks */ = {isa = PBXBuildFile; fileRef = 241152EC1B1A0D8900829672 /* CoreData.framework */; };
/* End PBXBuildFile section */

/* Begin PBXContainerItemProxy section */
		241152DD1B18C59900829672 /* PBXContainerItemProxy */ = {
			isa = PBXContainerItemProxy;
			containerPortal = 241152B81B18C59900829672 /* Project object */;
			proxyType = 1;
			remoteGlobalIDString = 241152BF1B18C59900829672;
			remoteInfo = HitList;
		};
/* End PBXContainerItemProxy section */

/* Begin PBXFileReference section */
		241152C01B18C59900829672 /* HitList.app */ = {isa = PBXFileReference; explicitFileType = wrapper.application; includeInIndex = 0; path = HitList.app; sourceTree = BUILT_PRODUCTS_DIR; };
		241152C41B18C59900829672 /* Info.plist */ = {isa = PBXFileReference; lastKnownFileType = text.plist.xml; path = Info.plist; sourceTree = "<group>"; };
		241152C51B18C59900829672 /* main.m */ = {isa = PBXFileReference; lastKnownFileType = sourcecode.c.objc; path = main.m; sourceTree = "<group>"; };
		241152C71B18C59900829672 /* AppDelegate.h */ = {isa = PBXFileReference; lastKnownFileType = sourcecode.c.h; path = AppDelegate.h; sourceTree = "<group>"; };
		241152C81B18C59900829672 /* AppDelegate.m */ = {isa = PBXFileReference; lastKnownFileType = sourcecode.c.objc; path = AppDelegate.m; sourceTree = "<group>"; };
		241152CB1B18C59900829672 /* HitList.xcdatamodel */ = {isa = PBXFileReference; lastKnownFileType = wrapper.xcdatamodel; path = HitList.xcdatamodel; sourceTree = "<group>"; };
		241152CD1B18C59900829672 /* ViewController.h */ = {isa = PBXFileReference; lastKnownFileType = sourcecode.c.h; path = ViewController.h; sourceTree = "<group>"; };
		241152CE1B18C59900829672 /* ViewController.m */ = {isa = PBXFileReference; lastKnownFileType = sourcecode.c.objc; path = ViewController.m; sourceTree = "<group>"; };
		241152D11B18C59900829672 /* Base */ = {isa = PBXFileReference; lastKnownFileType = file.storyboard; name = Base; path = Base.lproj/Main.storyboard; sourceTree = "<group>"; };
		241152D31B18C59900829672 /* Images.xcassets */ = {isa = PBXFileReference; lastKnownFileType = folder.assetcatalog; path = Images.xcassets; sourceTree = "<group>"; };
		241152D61B18C59900829672 /* Base */ = {isa = PBXFileReference; lastKnownFileType = file.xib; name = Base; path = Base.lproj/LaunchScreen.xib; sourceTree = "<group>"; };
		241152DC1B18C59900829672 /* HitListTests.xctest */ = {isa = PBXFileReference; explicitFileType = wrapper.cfbundle; includeInIndex = 0; path = HitListTests.xctest; sourceTree = BUILT_PRODUCTS_DIR; };
		241152E11B18C59900829672 /* Info.plist */ = {isa = PBXFileReference; lastKnownFileType = text.plist.xml; path = Info.plist; sourceTree = "<group>"; };
		241152E21B18C59900829672 /* HitListTests.m */ = {isa = PBXFileReference; lastKnownFileType = sourcecode.c.objc; path = HitListTests.m; sourceTree = "<group>"; };
		241152EC1B1A0D8900829672 /* CoreData.framework */ = {isa = PBXFileReference; lastKnownFileType = wrapper.framework; name = CoreData.framework; path = System/Library/Frameworks/CoreData.framework; sourceTree = SDKROOT; };
/* End PBXFileReference section */

/* Begin PBXFrameworksBuildPhase section */
		241152BD1B18C59900829672 /* Frameworks */ = {
			isa = PBXFrameworksBuildPhase;
			buildActionMask = 2147483647;
			files = (
				241152ED1B1A0D8900829672 /* CoreData.framework in Frameworks */,
			);
			runOnlyForDeploymentPostprocessing = 0;
		};
		241152D91B18C59900829672 /* Frameworks */ = {
			isa = PBXFrameworksBuildPhase;
			buildActionMask = 2147483647;
			files = (
			);
			runOnlyForDeploymentPostprocessing = 0;
		};
/* End PBXFrameworksBuildPhase section */

/* Begin PBXGroup section */
		241152B71B18C59900829672 = {
			isa = PBXGroup;
			children = (
				241152EC1B1A0D8900829672 /* CoreData.framework */,
				241152C21B18C59900829672 /* HitList */,
				241152DF1B18C59900829672 /* HitListTests */,
				241152C11B18C59900829672 /* Products */,
			);
			sourceTree = "<group>";
		};
		241152C11B18C59900829672 /* Products */ = {
			isa = PBXGroup;
			children = (
				241152C01B18C59900829672 /* HitList.app */,
				241152DC1B18C59900829672 /* HitListTests.xctest */,
			);
			name = Products;
			sourceTree = "<group>";
		};
		241152C21B18C59900829672 /* HitList */ = {
			isa = PBXGroup;
			children = (
				241152C71B18C59900829672 /* AppDelegate.h */,
				241152C81B18C59900829672 /* AppDelegate.m */,
				241152CD1B18C59900829672 /* ViewController.h */,
				241152CE1B18C59900829672 /* ViewController.m */,
				241152D01B18C59900829672 /* Main.storyboard */,
				241152D31B18C59900829672 /* Images.xcassets */,
				241152D51B18C59900829672 /* LaunchScreen.xib */,
				241152CA1B18C59900829672 /* HitList.xcdatamodeld */,
				241152C31B18C59900829672 /* Supporting Files */,
			);
			path = HitList;
			sourceTree = "<group>";
		};
		241152C31B18C59900829672 /* Supporting Files */ = {
			isa = PBXGroup;
			children = (
				241152C41B18C59900829672 /* Info.plist */,
				241152C51B18C59900829672 /* main.m */,
			);
			name = "Supporting Files";
			sourceTree = "<group>";
		};
		241152DF1B18C59900829672 /* HitListTests */ = {
			isa = PBXGroup;
			children = (
				241152E21B18C59900829672 /* HitListTests.m */,
				241152E01B18C59900829672 /* Supporting Files */,
			);
			path = HitListTests;
			sourceTree = "<group>";
		};
		241152E01B18C59900829672 /* Supporting Files */ = {
			isa = PBXGroup;
			children = (
				241152E11B18C59900829672 /* Info.plist */,
			);
			name = "Supporting Files";
			sourceTree = "<group>";
		};
/* End PBXGroup section */

/* Begin PBXNativeTarget section */
		241152BF1B18C59900829672 /* HitList */ = {
			isa = PBXNativeTarget;
			buildConfigurationList = 241152E61B18C59900829672 /* Build configuration list for PBXNativeTarget "HitList" */;
			buildPhases = (
				241152BC1B18C59900829672 /* Sources */,
				241152BD1B18C59900829672 /* Frameworks */,
				241152BE1B18C59900829672 /* Resources */,
			);
			buildRules = (
			);
			dependencies = (
			);
			name = HitList;
			productName = HitList;
			productReference = 241152C01B18C59900829672 /* HitList.app */;
			productType = "com.apple.product-type.application";
		};
		241152DB1B18C59900829672 /* HitListTests */ = {
			isa = PBXNativeTarget;
			buildConfigurationList = 241152E91B18C59900829672 /* Build configuration list for PBXNativeTarget "HitListTests" */;
			buildPhases = (
				241152D81B18C59900829672 /* Sources */,
				241152D91B18C59900829672 /* Frameworks */,
				241152DA1B18C59900829672 /* Resources */,
			);
			buildRules = (
			);
			dependencies = (
				241152DE1B18C59900829672 /* PBXTargetDependency */,
			);
			name = HitListTests;
			productName = HitListTests;
			productReference = 241152DC1B18C59900829672 /* HitListTests.xctest */;
			productType = "com.apple.product-type.bundle.unit-test";
		};
/* End PBXNativeTarget section */

/* Begin PBXProject section */
		241152B81B18C59900829672 /* Project object */ = {
			isa = PBXProject;
			attributes = {
				LastUpgradeCheck = 0630;
				ORGANIZATIONNAME = myself;
				TargetAttributes = {
					241152BF1B18C59900829672 = {
						CreatedOnToolsVersion = 6.3.2;
					};
					241152DB1B18C59900829672 = {
						CreatedOnToolsVersion = 6.3.2;
						TestTargetID = 241152BF1B18C59900829672;
					};
				};
			};
			buildConfigurationList = 241152BB1B18C59900829672 /* Build configuration list for PBXProject "HitList" */;
			compatibilityVersion = "Xcode 3.2";
			developmentRegion = English;
			hasScannedForEncodings = 0;
			knownRegions = (
				en,
				Base,
			);
			mainGroup = 241152B71B18C59900829672;
			productRefGroup = 241152C11B18C59900829672 /* Products */;
			projectDirPath = "";
			projectRoot = "";
			targets = (
				241152BF1B18C59900829672 /* HitList */,
				241152DB1B18C59900829672 /* HitListTests */,
			);
		};
/* End PBXProject section */

/* Begin PBXResourcesBuildPhase section */
		241152BE1B18C59900829672 /* Resources */ = {
			isa = PBXResourcesBuildPhase;
			buildActionMask = 2147483647;
			files = (
				241152D21B18C59900829672 /* Main.storyboard in Resources */,
				241152D71B18C59900829672 /* LaunchScreen.xib in Resources */,
				241152D41B18C59900829672 /* Images.xcassets in Resources */,
			);
			runOnlyForDeploymentPostprocessing = 0;
		};
		241152DA1B18C59900829672 /* Resources */ = {
			isa = PBXResourcesBuildPhase;
			buildActionMask = 2147483647;
			files = (
			);
			runOnlyForDeploymentPostprocessing = 0;
		};
/* End PBXResourcesBuildPhase section */

/* Begin PBXSourcesBuildPhase section */
		241152BC1B18C59900829672 /* Sources */ = {
			isa = PBXSourcesBuildPhase;
			buildActionMask = 2147483647;
			files = (
				241152CC1B18C59900829672 /* HitList.xcdatamodeld in Sources */,
				241152C91B18C59900829672 /* AppDelegate.m in Sources */,
				241152CF1B18C59900829672 /* ViewController.m in Sources */,
				241152C61B18C59900829672 /* main.m in Sources */,
			);
			runOnlyForDeploymentPostprocessing = 0;
		};
		241152D81B18C59900829672 /* Sources */ = {
			isa = PBXSourcesBuildPhase;
			buildActionMask = 2147483647;
			files = (
				241152E31B18C59900829672 /* HitListTests.m in Sources */,
			);
			runOnlyForDeploymentPostprocessing = 0;
		};
/* End PBXSourcesBuildPhase section */

/* Begin PBXTargetDependency section */
		241152DE1B18C59900829672 /* PBXTargetDependency */ = {
			isa = PBXTargetDependency;
			target = 241152BF1B18C59900829672 /* HitList */;
			targetProxy = 241152DD1B18C59900829672 /* PBXContainerItemProxy */;
		};
/* End PBXTargetDependency section */

/* Begin PBXVariantGroup section */
		241152D01B18C59900829672 /* Main.storyboard */ = {
			isa = PBXVariantGroup;
			children = (
				241152D11B18C59900829672 /* Base */,
			);
			name = Main.storyboard;
			sourceTree = "<group>";
		};
		241152D51B18C59900829672 /* LaunchScreen.xib */ = {
			isa = PBXVariantGroup;
			children = (
				241152D61B18C59900829672 /* Base */,
			);
			name = LaunchScreen.xib;
			sourceTree = "<group>";
		};
/* End PBXVariantGroup section */

/* Begin XCBuildConfiguration section */
		241152E41B18C59900829672 /* Debug */ = {
			isa = XCBuildConfiguration;
			buildSettings = {
				ALWAYS_SEARCH_USER_PATHS = NO;
				CLANG_CXX_LANGUAGE_STANDARD = "gnu++0x";
				CLANG_CXX_LIBRARY = "libc++";
				CLANG_ENABLE_MODULES = YES;
				CLANG_ENABLE_OBJC_ARC = YES;
				CLANG_WARN_BOOL_CONVERSION = YES;
				CLANG_WARN_CONSTANT_CONVERSION = YES;
				CLANG_WARN_DIRECT_OBJC_ISA_USAGE = YES_ERROR;
				CLANG_WARN_EMPTY_BODY = YES;
				CLANG_WARN_ENUM_CONVERSION = YES;
				CLANG_WARN_INT_CONVERSION = YES;
				CLANG_WARN_OBJC_ROOT_CLASS = YES_ERROR;
				CLANG_WARN_UNREACHABLE_CODE = YES;
				CLANG_WARN__DUPLICATE_METHOD_MATCH = YES;
				"CODE_SIGN_IDENTITY[sdk=iphoneos*]" = "iPhone Developer";
				COPY_PHASE_STRIP = NO;
				DEBUG_INFORMATION_FORMAT = "dwarf-with-dsym";
				ENABLE_STRICT_OBJC_MSGSEND = YES;
				GCC_C_LANGUAGE_STANDARD = gnu99;
				GCC_DYNAMIC_NO_PIC = NO;
				GCC_NO_COMMON_BLOCKS = YES;
				GCC_OPTIMIZATION_LEVEL = 0;
				GCC_PREPROCESSOR_DEFINITIONS = (
					"DEBUG=1",
					"$(inherited)",
				);
				GCC_SYMBOLS_PRIVATE_EXTERN = NO;
				GCC_WARN_64_TO_32_BIT_CONVERSION = YES;
				GCC_WARN_ABOUT_RETURN_TYPE = YES_ERROR;
				GCC_WARN_UNDECLARED_SELECTOR = YES;
				GCC_WARN_UNINITIALIZED_AUTOS = YES_AGGRESSIVE;
				GCC_WARN_UNUSED_FUNCTION = YES;
				GCC_WARN_UNUSED_VARIABLE = YES;
				IPHONEOS_DEPLOYMENT_TARGET = 8.3;
				MTL_ENABLE_DEBUG_INFO = YES;
				ONLY_ACTIVE_ARCH = YES;
				SDKROOT = iphoneos;
			};
			name = Debug;
		};
		241152E51B18C59900829672 /* Release */ = {
			isa = XCBuildConfiguration;
			buildSettings = {
				ALWAYS_SEARCH_USER_PATHS = NO;
				CLANG_CXX_LANGUAGE_STANDARD = "gnu++0x";
				CLANG_CXX_LIBRARY = "libc++";
				CLANG_ENABLE_MODULES = YES;
				CLANG_ENABLE_OBJC_ARC = YES;
				CLANG_WARN_BOOL_CONVERSION = YES;
				CLANG_WARN_CONSTANT_CONVERSION = YES;
				CLANG_WARN_DIRECT_OBJC_ISA_USAGE = YES_ERROR;
				CLANG_WARN_EMPTY_BODY = YES;
				CLANG_WARN_ENUM_CONVERSION = YES;
				CLANG_WARN_INT_CONVERSION = YES;
				CLANG_WARN_OBJC_ROOT_CLASS = YES_ERROR;
				CLANG_WARN_UNREACHABLE_CODE = YES;
				CLANG_WARN__DUPLICATE_METHOD_MATCH = YES;
				"CODE_SIGN_IDENTITY[sdk=iphoneos*]" = "iPhone Developer";
				COPY_PHASE_STRIP = NO;
				DEBUG_INFORMATION_FORMAT = "dwarf-with-dsym";
				ENABLE_NS_ASSERTIONS = NO;
				ENABLE_STRICT_OBJC_MSGSEND = YES;
				GCC_C_LANGUAGE_STANDARD = gnu99;
				GCC_NO_COMMON_BLOCKS = YES;
				GCC_WARN_64_TO_32_BIT_CONVERSION = YES;
				GCC_WARN_ABOUT_RETURN_TYPE = YES_ERROR;
				GCC_WARN_UNDECLARED_SELECTOR = YES;
				GCC_WARN_UNINITIALIZED_AUTOS = YES_AGGRESSIVE;
				GCC_WARN_UNUSED_FUNCTION = YES;
				GCC_WARN_UNUSED_VARIABLE = YES;
				IPHONEOS_DEPLOYMENT_TARGET = 8.3;
				MTL_ENABLE_DEBUG_INFO = NO;
				SDKROOT = iphoneos;
				VALIDATE_PRODUCT = YES;
			};
			name = Release;
		};
		241152E71B18C59900829672 /* Debug */ = {
			isa = XCBuildConfiguration;
			buildSettings = {
				ASSETCATALOG_COMPILER_APPICON_NAME = AppIcon;
				INFOPLIST_FILE = HitList/Info.plist;
				LD_RUNPATH_SEARCH_PATHS = "$(inherited) @executable_path/Frameworks";
				PRODUCT_NAME = "$(TARGET_NAME)";
			};
			name = Debug;
		};
		241152E81B18C59900829672 /* Release */ = {
			isa = XCBuildConfiguration;
			buildSettings = {
				ASSETCATALOG_COMPILER_APPICON_NAME = AppIcon;
				INFOPLIST_FILE = HitList/Info.plist;
				LD_RUNPATH_SEARCH_PATHS = "$(inherited) @executable_path/Frameworks";
				PRODUCT_NAME = "$(TARGET_NAME)";
			};
			name = Release;
		};
		241152EA1B18C59900829672 /* Debug */ = {
			isa = XCBuildConfiguration;
			buildSettings = {
				BUNDLE_LOADER = "$(TEST_HOST)";
				FRAMEWORK_SEARCH_PATHS = (
					"$(SDKROOT)/Developer/Library/Frameworks",
					"$(inherited)",
				);
				GCC_PREPROCESSOR_DEFINITIONS = (
					"DEBUG=1",
					"$(inherited)",
				);
				INFOPLIST_FILE = HitListTests/Info.plist;
				LD_RUNPATH_SEARCH_PATHS = "$(inherited) @executable_path/Frameworks @loader_path/Frameworks";
				PRODUCT_NAME = "$(TARGET_NAME)";
				TEST_HOST = "$(BUILT_PRODUCTS_DIR)/HitList.app/HitList";
			};
			name = Debug;
		};
		241152EB1B18C59900829672 /* Release */ = {
			isa = XCBuildConfiguration;
			buildSettings = {
				BUNDLE_LOADER = "$(TEST_HOST)";
				FRAMEWORK_SEARCH_PATHS = (
					"$(SDKROOT)/Developer/Library/Frameworks",
					"$(inherited)",
				);
				INFOPLIST_FILE = HitListTests/Info.plist;
				LD_RUNPATH_SEARCH_PATHS = "$(inherited) @executable_path/Frameworks @loader_path/Frameworks";
				PRODUCT_NAME = "$(TARGET_NAME)";
				TEST_HOST = "$(BUILT_PRODUCTS_DIR)/HitList.app/HitList";
			};
			name = Release;
		};
/* End XCBuildConfiguration section */

/* Begin XCConfigurationList section */
		241152BB1B18C59900829672 /* Build configuration list for PBXProject "HitList" */ = {
			isa = XCConfigurationList;
			buildConfigurations = (
				241152E41B18C59900829672 /* Debug */,
				241152E51B18C59900829672 /* Release */,
			);
			defaultConfigurationIsVisible = 0;
			defaultConfigurationName = Release;
		};
		241152E61B18C59900829672 /* Build configuration list for PBXNativeTarget "HitList" */ = {
			isa = XCConfigurationList;
			buildConfigurations = (
				241152E71B18C59900829672 /* Debug */,
				241152E81B18C59900829672 /* Release */,
			);
			defaultConfigurationIsVisible = 0;
		};
		241152E91B18C59900829672 /* Build configuration list for PBXNativeTarget "HitListTests" */ = {
			isa = XCConfigurationList;
			buildConfigurations = (
				241152EA1B18C59900829672 /* Debug */,
				241152EB1B18C59900829672 /* Release */,
			);
			defaultConfigurationIsVisible = 0;
		};
/* End XCConfigurationList section */

/* Begin XCVersionGroup section */
		241152CA1B18C59900829672 /* HitList.xcdatamodeld */ = {
			isa = XCVersionGroup;
			children = (
				241152CB1B18C59900829672 /* HitList.xcdatamodel */,
			);
			currentVersion = 241152CB1B18C59900829672 /* HitList.xcdatamodel */;
			path = HitList.xcdatamodeld;
			sourceTree = "<group>";
			versionGroupType = wrapper.xcdatamodel;
		};
/* End XCVersionGroup section */
	};
	rootObject = 241152B81B18C59900829672 /* Project object */;
}
