// !$*UTF8*$!
{
	archiveVersion = 1;
	classes = {
	};
	objectVersion = 46;
	objects = {

/* Begin PBXBuildFile section */
		D655532A1D758090002EE25B /* main.m in Sources */ = {isa = PBXBuildFile; fileRef = D65553291D758090002EE25B /* main.m */; };
		D655532D1D758090002EE25B /* AppDelegate.m in Sources */ = {isa = PBXBuildFile; fileRef = D655532C1D758090002EE25B /* AppDelegate.m */; };
		D65553301D758090002EE25B /* ViewController.m in Sources */ = {isa = PBXBuildFile; fileRef = D655532F1D758090002EE25B /* ViewController.m */; };
		D65553331D758090002EE25B /* Main.storyboard in Resources */ = {isa = PBXBuildFile; fileRef = D65553311D758090002EE25B /* Main.storyboard */; };
		D65553351D758090002EE25B /* Assets.xcassets in Resources */ = {isa = PBXBuildFile; fileRef = D65553341D758090002EE25B /* Assets.xcassets */; };
		D65553381D758090002EE25B /* LaunchScreen.storyboard in Resources */ = {isa = PBXBuildFile; fileRef = D65553361D758090002EE25B /* LaunchScreen.storyboard */; };
		D65553431D758090002EE25B /* CellHeightTests.m in Sources */ = {isa = PBXBuildFile; fileRef = D65553421D758090002EE25B /* CellHeightTests.m */; };
/* End PBXBuildFile section */

/* Begin PBXContainerItemProxy section */
		D655533F1D758090002EE25B /* PBXContainerItemProxy */ = {
			isa = PBXContainerItemProxy;
			containerPortal = D655531D1D75808F002EE25B /* Project object */;
			proxyType = 1;
			remoteGlobalIDString = D65553241D758090002EE25B;
			remoteInfo = CellHeight;
		};
/* End PBXContainerItemProxy section */

/* Begin PBXFileReference section */
		D65553251D758090002EE25B /* CellHeight.app */ = {isa = PBXFileReference; explicitFileType = wrapper.application; includeInIndex = 0; path = CellHeight.app; sourceTree = BUILT_PRODUCTS_DIR; };
		D65553291D758090002EE25B /* main.m */ = {isa = PBXFileReference; lastKnownFileType = sourcecode.c.objc; path = main.m; sourceTree = "<group>"; };
		D655532B1D758090002EE25B /* AppDelegate.h */ = {isa = PBXFileReference; lastKnownFileType = sourcecode.c.h; path = AppDelegate.h; sourceTree = "<group>"; };
		D655532C1D758090002EE25B /* AppDelegate.m */ = {isa = PBXFileReference; lastKnownFileType = sourcecode.c.objc; path = AppDelegate.m; sourceTree = "<group>"; };
		D655532E1D758090002EE25B /* ViewController.h */ = {isa = PBXFileReference; lastKnownFileType = sourcecode.c.h; path = ViewController.h; sourceTree = "<group>"; };
		D655532F1D758090002EE25B /* ViewController.m */ = {isa = PBXFileReference; lastKnownFileType = sourcecode.c.objc; path = ViewController.m; sourceTree = "<group>"; };
		D65553321D758090002EE25B /* Base */ = {isa = PBXFileReference; lastKnownFileType = file.storyboard; name = Base; path = Base.lproj/Main.storyboard; sourceTree = "<group>"; };
		D65553341D758090002EE25B /* Assets.xcassets */ = {isa = PBXFileReference; lastKnownFileType = folder.assetcatalog; path = Assets.xcassets; sourceTree = "<group>"; };
		D65553371D758090002EE25B /* Base */ = {isa = PBXFileReference; lastKnownFileType = file.storyboard; name = Base; path = Base.lproj/LaunchScreen.storyboard; sourceTree = "<group>"; };
		D65553391D758090002EE25B /* Info.plist */ = {isa = PBXFileReference; lastKnownFileType = text.plist.xml; path = Info.plist; sourceTree = "<group>"; };
		D655533E1D758090002EE25B /* CellHeightTests.xctest */ = {isa = PBXFileReference; explicitFileType = wrapper.cfbundle; includeInIndex = 0; path = CellHeightTests.xctest; sourceTree = BUILT_PRODUCTS_DIR; };
		D65553421D758090002EE25B /* CellHeightTests.m */ = {isa = PBXFileReference; lastKnownFileType = sourcecode.c.objc; path = CellHeightTests.m; sourceTree = "<group>"; };
		D65553441D758090002EE25B /* Info.plist */ = {isa = PBXFileReference; lastKnownFileType = text.plist.xml; path = Info.plist; sourceTree = "<group>"; };
/* End PBXFileReference section */

/* Begin PBXFrameworksBuildPhase section */
		D65553221D758090002EE25B /* Frameworks */ = {
			isa = PBXFrameworksBuildPhase;
			buildActionMask = 2147483647;
			files = (
			);
			runOnlyForDeploymentPostprocessing = 0;
		};
		D655533B1D758090002EE25B /* Frameworks */ = {
			isa = PBXFrameworksBuildPhase;
			buildActionMask = 2147483647;
			files = (
			);
			runOnlyForDeploymentPostprocessing = 0;
		};
/* End PBXFrameworksBuildPhase section */

/* Begin PBXGroup section */
		D655531C1D75808F002EE25B = {
			isa = PBXGroup;
			children = (
				D65553271D758090002EE25B /* CellHeight */,
				D65553411D758090002EE25B /* CellHeightTests */,
				D65553261D758090002EE25B /* Products */,
			);
			sourceTree = "<group>";
		};
		D65553261D758090002EE25B /* Products */ = {
			isa = PBXGroup;
			children = (
				D65553251D758090002EE25B /* CellHeight.app */,
				D655533E1D758090002EE25B /* CellHeightTests.xctest */,
			);
			name = Products;
			sourceTree = "<group>";
		};
		D65553271D758090002EE25B /* CellHeight */ = {
			isa = PBXGroup;
			children = (
				D655532B1D758090002EE25B /* AppDelegate.h */,
				D655532C1D758090002EE25B /* AppDelegate.m */,
				D655532E1D758090002EE25B /* ViewController.h */,
				D655532F1D758090002EE25B /* ViewController.m */,
				D65553311D758090002EE25B /* Main.storyboard */,
				D65553341D758090002EE25B /* Assets.xcassets */,
				D65553361D758090002EE25B /* LaunchScreen.storyboard */,
				D65553391D758090002EE25B /* Info.plist */,
				D65553281D758090002EE25B /* Supporting Files */,
			);
			path = CellHeight;
			sourceTree = "<group>";
		};
		D65553281D758090002EE25B /* Supporting Files */ = {
			isa = PBXGroup;
			children = (
				D65553291D758090002EE25B /* main.m */,
			);
			name = "Supporting Files";
			sourceTree = "<group>";
		};
		D65553411D758090002EE25B /* CellHeightTests */ = {
			isa = PBXGroup;
			children = (
				D65553421D758090002EE25B /* CellHeightTests.m */,
				D65553441D758090002EE25B /* Info.plist */,
			);
			path = CellHeightTests;
			sourceTree = "<group>";
		};
/* End PBXGroup section */

/* Begin PBXNativeTarget section */
		D65553241D758090002EE25B /* CellHeight */ = {
			isa = PBXNativeTarget;
			buildConfigurationList = D65553471D758090002EE25B /* Build configuration list for PBXNativeTarget "CellHeight" */;
			buildPhases = (
				D65553211D758090002EE25B /* Sources */,
				D65553221D758090002EE25B /* Frameworks */,
				D65553231D758090002EE25B /* Resources */,
			);
			buildRules = (
			);
			dependencies = (
			);
			name = CellHeight;
			productName = CellHeight;
			productReference = D65553251D758090002EE25B /* CellHeight.app */;
			productType = "com.apple.product-type.application";
		};
		D655533D1D758090002EE25B /* CellHeightTests */ = {
			isa = PBXNativeTarget;
			buildConfigurationList = D655534A1D758090002EE25B /* Build configuration list for PBXNativeTarget "CellHeightTests" */;
			buildPhases = (
				D655533A1D758090002EE25B /* Sources */,
				D655533B1D758090002EE25B /* Frameworks */,
				D655533C1D758090002EE25B /* Resources */,
			);
			buildRules = (
			);
			dependencies = (
				D65553401D758090002EE25B /* PBXTargetDependency */,
			);
			name = CellHeightTests;
			productName = CellHeightTests;
			productReference = D655533E1D758090002EE25B /* CellHeightTests.xctest */;
			productType = "com.apple.product-type.bundle.unit-test";
		};
/* End PBXNativeTarget section */

/* Begin PBXProject section */
		D655531D1D75808F002EE25B /* Project object */ = {
			isa = PBXProject;
			attributes = {
				LastUpgradeCheck = 0730;
				ORGANIZATIONNAME = self;
				TargetAttributes = {
					D65553241D758090002EE25B = {
						CreatedOnToolsVersion = 7.3.1;
						DevelopmentTeam = QQG5ECY7MS;
					};
					D655533D1D758090002EE25B = {
						CreatedOnToolsVersion = 7.3.1;
						DevelopmentTeam = QQG5ECY7MS;
						TestTargetID = D65553241D758090002EE25B;
					};
				};
			};
			buildConfigurationList = D65553201D75808F002EE25B /* Build configuration list for PBXProject "CellHeight" */;
			compatibilityVersion = "Xcode 3.2";
			developmentRegion = English;
			hasScannedForEncodings = 0;
			knownRegions = (
				en,
				Base,
			);
			mainGroup = D655531C1D75808F002EE25B;
			productRefGroup = D65553261D758090002EE25B /* Products */;
			projectDirPath = "";
			projectRoot = "";
			targets = (
				D65553241D758090002EE25B /* CellHeight */,
				D655533D1D758090002EE25B /* CellHeightTests */,
			);
		};
/* End PBXProject section */

/* Begin PBXResourcesBuildPhase section */
		D65553231D758090002EE25B /* Resources */ = {
			isa = PBXResourcesBuildPhase;
			buildActionMask = 2147483647;
			files = (
				D65553381D758090002EE25B /* LaunchScreen.storyboard in Resources */,
				D65553351D758090002EE25B /* Assets.xcassets in Resources */,
				D65553331D758090002EE25B /* Main.storyboard in Resources */,
			);
			runOnlyForDeploymentPostprocessing = 0;
		};
		D655533C1D758090002EE25B /* Resources */ = {
			isa = PBXResourcesBuildPhase;
			buildActionMask = 2147483647;
			files = (
			);
			runOnlyForDeploymentPostprocessing = 0;
		};
/* End PBXResourcesBuildPhase section */

/* Begin PBXSourcesBuildPhase section */
		D65553211D758090002EE25B /* Sources */ = {
			isa = PBXSourcesBuildPhase;
			buildActionMask = 2147483647;
			files = (
				D65553301D758090002EE25B /* ViewController.m in Sources */,
				D655532D1D758090002EE25B /* AppDelegate.m in Sources */,
				D655532A1D758090002EE25B /* main.m in Sources */,
			);
			runOnlyForDeploymentPostprocessing = 0;
		};
		D655533A1D758090002EE25B /* Sources */ = {
			isa = PBXSourcesBuildPhase;
			buildActionMask = 2147483647;
			files = (
				D65553431D758090002EE25B /* CellHeightTests.m in Sources */,
			);
			runOnlyForDeploymentPostprocessing = 0;
		};
/* End PBXSourcesBuildPhase section */

/* Begin PBXTargetDependency section */
		D65553401D758090002EE25B /* PBXTargetDependency */ = {
			isa = PBXTargetDependency;
			target = D65553241D758090002EE25B /* CellHeight */;
			targetProxy = D655533F1D758090002EE25B /* PBXContainerItemProxy */;
		};
/* End PBXTargetDependency section */

/* Begin PBXVariantGroup section */
		D65553311D758090002EE25B /* Main.storyboard */ = {
			isa = PBXVariantGroup;
			children = (
				D65553321D758090002EE25B /* Base */,
			);
			name = Main.storyboard;
			sourceTree = "<group>";
		};
		D65553361D758090002EE25B /* LaunchScreen.storyboard */ = {
			isa = PBXVariantGroup;
			children = (
				D65553371D758090002EE25B /* Base */,
			);
			name = LaunchScreen.storyboard;
			sourceTree = "<group>";
		};
/* End PBXVariantGroup section */

/* Begin XCBuildConfiguration section */
		D65553451D758090002EE25B /* Debug */ = {
			isa = XCBuildConfiguration;
			buildSettings = {
				ALWAYS_SEARCH_USER_PATHS = NO;
				CLANG_ANALYZER_NONNULL = YES;
				CLANG_CXX_LANGUAGE_STANDARD = "gnu++0x";
				CLANG_CXX_LIBRARY = "libc++";
				CLANG_ENABLE_MODULES = YES;
				CLANG_ENABLE_OBJC_ARC = YES;
				CLANG_WARN_BOOL_CONVERSION = YES;
				CLANG_WARN_CONSTANT_CONVERSION = YES;
				CLANG_WARN_DIRECT_OBJC_ISA_USAGE = YES_ERROR;
				CLANG_WARN_EMPTY_BODY = YES;
				CLANG_WARN_ENUM_CONVERSION = YES;
				CLANG_WARN_INT_CONVERSION = YES;
				CLANG_WARN_OBJC_ROOT_CLASS = YES_ERROR;
				CLANG_WARN_UNREACHABLE_CODE = YES;
				CLANG_WARN__DUPLICATE_METHOD_MATCH = YES;
				"CODE_SIGN_IDENTITY[sdk=iphoneos*]" = "iPhone Developer";
				COPY_PHASE_STRIP = NO;
				DEBUG_INFORMATION_FORMAT = dwarf;
				ENABLE_STRICT_OBJC_MSGSEND = YES;
				ENABLE_TESTABILITY = YES;
				GCC_C_LANGUAGE_STANDARD = gnu99;
				GCC_DYNAMIC_NO_PIC = NO;
				GCC_NO_COMMON_BLOCKS = YES;
				GCC_OPTIMIZATION_LEVEL = 0;
				GCC_PREPROCESSOR_DEFINITIONS = (
					"DEBUG=1",
					"$(inherited)",
				);
				GCC_WARN_64_TO_32_BIT_CONVERSION = YES;
				GCC_WARN_ABOUT_RETURN_TYPE = YES_ERROR;
				GCC_WARN_UNDECLARED_SELECTOR = YES;
				GCC_WARN_UNINITIALIZED_AUTOS = YES_AGGRESSIVE;
				GCC_WARN_UNUSED_FUNCTION = YES;
				GCC_WARN_UNUSED_VARIABLE = YES;
				IPHONEOS_DEPLOYMENT_TARGET = 9.3;
				MTL_ENABLE_DEBUG_INFO = YES;
				ONLY_ACTIVE_ARCH = YES;
				SDKROOT = iphoneos;
			};
			name = Debug;
		};
		D65553461D758090002EE25B /* Release */ = {
			isa = XCBuildConfiguration;
			buildSettings = {
				ALWAYS_SEARCH_USER_PATHS = NO;
				CLANG_ANALYZER_NONNULL = YES;
				CLANG_CXX_LANGUAGE_STANDARD = "gnu++0x";
				CLANG_CXX_LIBRARY = "libc++";
				CLANG_ENABLE_MODULES = YES;
				CLANG_ENABLE_OBJC_ARC = YES;
				CLANG_WARN_BOOL_CONVERSION = YES;
				CLANG_WARN_CONSTANT_CONVERSION = YES;
				CLANG_WARN_DIRECT_OBJC_ISA_USAGE = YES_ERROR;
				CLANG_WARN_EMPTY_BODY = YES;
				CLANG_WARN_ENUM_CONVERSION = YES;
				CLANG_WARN_INT_CONVERSION = YES;
				CLANG_WARN_OBJC_ROOT_CLASS = YES_ERROR;
				CLANG_WARN_UNREACHABLE_CODE = YES;
				CLANG_WARN__DUPLICATE_METHOD_MATCH = YES;
				"CODE_SIGN_IDENTITY[sdk=iphoneos*]" = "iPhone Developer";
				COPY_PHASE_STRIP = NO;
				DEBUG_INFORMATION_FORMAT = "dwarf-with-dsym";
				ENABLE_NS_ASSERTIONS = NO;
				ENABLE_STRICT_OBJC_MSGSEND = YES;
				GCC_C_LANGUAGE_STANDARD = gnu99;
				GCC_NO_COMMON_BLOCKS = YES;
				GCC_WARN_64_TO_32_BIT_CONVERSION = YES;
				GCC_WARN_ABOUT_RETURN_TYPE = YES_ERROR;
				GCC_WARN_UNDECLARED_SELECTOR = YES;
				GCC_WARN_UNINITIALIZED_AUTOS = YES_AGGRESSIVE;
				GCC_WARN_UNUSED_FUNCTION = YES;
				GCC_WARN_UNUSED_VARIABLE = YES;
				IPHONEOS_DEPLOYMENT_TARGET = 9.3;
				MTL_ENABLE_DEBUG_INFO = NO;
				SDKROOT = iphoneos;
				VALIDATE_PRODUCT = YES;
			};
			name = Release;
		};
		D65553481D758090002EE25B /* Debug */ = {
			isa = XCBuildConfiguration;
			buildSettings = {
				ASSETCATALOG_COMPILER_APPICON_NAME = AppIcon;
				INFOPLIST_FILE = CellHeight/Info.plist;
				LD_RUNPATH_SEARCH_PATHS = "$(inherited) @executable_path/Frameworks";
				PRODUCT_BUNDLE_IDENTIFIER = self.edu.CellHeightDemo;
				PRODUCT_NAME = "$(TARGET_NAME)";
			};
			name = Debug;
		};
		D65553491D758090002EE25B /* Release */ = {
			isa = XCBuildConfiguration;
			buildSettings = {
				ASSETCATALOG_COMPILER_APPICON_NAME = AppIcon;
				INFOPLIST_FILE = CellHeight/Info.plist;
				LD_RUNPATH_SEARCH_PATHS = "$(inherited) @executable_path/Frameworks";
				PRODUCT_BUNDLE_IDENTIFIER = self.edu.CellHeightDemo;
				PRODUCT_NAME = "$(TARGET_NAME)";
			};
			name = Release;
		};
		D655534B1D758090002EE25B /* Debug */ = {
			isa = XCBuildConfiguration;
			buildSettings = {
				BUNDLE_LOADER = "$(TEST_HOST)";
				INFOPLIST_FILE = CellHeightTests/Info.plist;
				LD_RUNPATH_SEARCH_PATHS = "$(inherited) @executable_path/Frameworks @loader_path/Frameworks";
				PRODUCT_BUNDLE_IDENTIFIER = self.edu.CellHeightTests;
				PRODUCT_NAME = "$(TARGET_NAME)";
				TEST_HOST = "$(BUILT_PRODUCTS_DIR)/CellHeight.app/CellHeight";
			};
			name = Debug;
		};
		D655534C1D758090002EE25B /* Release */ = {
			isa = XCBuildConfiguration;
			buildSettings = {
				BUNDLE_LOADER = "$(TEST_HOST)";
				INFOPLIST_FILE = CellHeightTests/Info.plist;
				LD_RUNPATH_SEARCH_PATHS = "$(inherited) @executable_path/Frameworks @loader_path/Frameworks";
				PRODUCT_BUNDLE_IDENTIFIER = self.edu.CellHeightTests;
				PRODUCT_NAME = "$(TARGET_NAME)";
				TEST_HOST = "$(BUILT_PRODUCTS_DIR)/CellHeight.app/CellHeight";
			};
			name = Release;
		};
/* End XCBuildConfiguration section */

/* Begin XCConfigurationList section */
		D65553201D75808F002EE25B /* Build configuration list for PBXProject "CellHeight" */ = {
			isa = XCConfigurationList;
			buildConfigurations = (
				D65553451D758090002EE25B /* Debug */,
				D65553461D758090002EE25B /* Release */,
			);
			defaultConfigurationIsVisible = 0;
			defaultConfigurationName = Release;
		};
		D65553471D758090002EE25B /* Build configuration list for PBXNativeTarget "CellHeight" */ = {
			isa = XCConfigurationList;
			buildConfigurations = (
				D65553481D758090002EE25B /* Debug */,
				D65553491D758090002EE25B /* Release */,
			);
			defaultConfigurationIsVisible = 0;
		};
		D655534A1D758090002EE25B /* Build configuration list for PBXNativeTarget "CellHeightTests" */ = {
			isa = XCConfigurationList;
			buildConfigurations = (
				D655534B1D758090002EE25B /* Debug */,
				D655534C1D758090002EE25B /* Release */,
			);
			defaultConfigurationIsVisible = 0;
		};
/* End XCConfigurationList section */
	};
	rootObject = D655531D1D75808F002EE25B /* Project object */;
}
