// !$*UTF8*$!
{
	archiveVersion = 1;
	classes = {
	};
	objectVersion = 46;
	objects = {

/* Begin PBXBuildFile section */
		D6D1032C1B1C3E970067A58D /* main.m in Sources */ = {isa = PBXBuildFile; fileRef = D6D1032B1B1C3E970067A58D /* main.m */; };
		D6D1032F1B1C3E970067A58D /* AppDelegate.m in Sources */ = {isa = PBXBuildFile; fileRef = D6D1032E1B1C3E970067A58D /* AppDelegate.m */; };
		D6D103321B1C3E970067A58D /* ViewController.m in Sources */ = {isa = PBXBuildFile; fileRef = D6D103311B1C3E970067A58D /* ViewController.m */; };
		D6D103351B1C3E970067A58D /* Main.storyboard in Resources */ = {isa = PBXBuildFile; fileRef = D6D103331B1C3E970067A58D /* Main.storyboard */; };
		D6D103371B1C3E970067A58D /* Images.xcassets in Resources */ = {isa = PBXBuildFile; fileRef = D6D103361B1C3E970067A58D /* Images.xcassets */; };
		D6D1033A1B1C3E970067A58D /* LaunchScreen.xib in Resources */ = {isa = PBXBuildFile; fileRef = D6D103381B1C3E970067A58D /* LaunchScreen.xib */; };
		D6D103461B1C3E970067A58D /* CollectionViewTestTests.m in Sources */ = {isa = PBXBuildFile; fileRef = D6D103451B1C3E970067A58D /* CollectionViewTestTests.m */; };
		D6D103501B1C49C30067A58D /* icon_living_room3.png in Resources */ = {isa = PBXBuildFile; fileRef = D6D1034F1B1C49C30067A58D /* icon_living_room3.png */; };
/* End PBXBuildFile section */

/* Begin PBXContainerItemProxy section */
		D6D103401B1C3E970067A58D /* PBXContainerItemProxy */ = {
			isa = PBXContainerItemProxy;
			containerPortal = D6D1031E1B1C3E970067A58D /* Project object */;
			proxyType = 1;
			remoteGlobalIDString = D6D103251B1C3E970067A58D;
			remoteInfo = CollectionViewTest;
		};
/* End PBXContainerItemProxy section */

/* Begin PBXFileReference section */
		D6D103261B1C3E970067A58D /* CollectionViewTest.app */ = {isa = PBXFileReference; explicitFileType = wrapper.application; includeInIndex = 0; path = CollectionViewTest.app; sourceTree = BUILT_PRODUCTS_DIR; };
		D6D1032A1B1C3E970067A58D /* Info.plist */ = {isa = PBXFileReference; lastKnownFileType = text.plist.xml; path = Info.plist; sourceTree = "<group>"; };
		D6D1032B1B1C3E970067A58D /* main.m */ = {isa = PBXFileReference; lastKnownFileType = sourcecode.c.objc; path = main.m; sourceTree = "<group>"; };
		D6D1032D1B1C3E970067A58D /* AppDelegate.h */ = {isa = PBXFileReference; lastKnownFileType = sourcecode.c.h; path = AppDelegate.h; sourceTree = "<group>"; };
		D6D1032E1B1C3E970067A58D /* AppDelegate.m */ = {isa = PBXFileReference; lastKnownFileType = sourcecode.c.objc; path = AppDelegate.m; sourceTree = "<group>"; };
		D6D103301B1C3E970067A58D /* ViewController.h */ = {isa = PBXFileReference; lastKnownFileType = sourcecode.c.h; path = ViewController.h; sourceTree = "<group>"; };
		D6D103311B1C3E970067A58D /* ViewController.m */ = {isa = PBXFileReference; lastKnownFileType = sourcecode.c.objc; path = ViewController.m; sourceTree = "<group>"; };
		D6D103341B1C3E970067A58D /* Base */ = {isa = PBXFileReference; lastKnownFileType = file.storyboard; name = Base; path = Base.lproj/Main.storyboard; sourceTree = "<group>"; };
		D6D103361B1C3E970067A58D /* Images.xcassets */ = {isa = PBXFileReference; lastKnownFileType = folder.assetcatalog; path = Images.xcassets; sourceTree = "<group>"; };
		D6D103391B1C3E970067A58D /* Base */ = {isa = PBXFileReference; lastKnownFileType = file.xib; name = Base; path = Base.lproj/LaunchScreen.xib; sourceTree = "<group>"; };
		D6D1033F1B1C3E970067A58D /* CollectionViewTestTests.xctest */ = {isa = PBXFileReference; explicitFileType = wrapper.cfbundle; includeInIndex = 0; path = CollectionViewTestTests.xctest; sourceTree = BUILT_PRODUCTS_DIR; };
		D6D103441B1C3E970067A58D /* Info.plist */ = {isa = PBXFileReference; lastKnownFileType = text.plist.xml; path = Info.plist; sourceTree = "<group>"; };
		D6D103451B1C3E970067A58D /* CollectionViewTestTests.m */ = {isa = PBXFileReference; lastKnownFileType = sourcecode.c.objc; path = CollectionViewTestTests.m; sourceTree = "<group>"; };
		D6D1034F1B1C49C30067A58D /* icon_living_room3.png */ = {isa = PBXFileReference; lastKnownFileType = image.png; path = icon_living_room3.png; sourceTree = "<group>"; };
/* End PBXFileReference section */

/* Begin PBXFrameworksBuildPhase section */
		D6D103231B1C3E970067A58D /* Frameworks */ = {
			isa = PBXFrameworksBuildPhase;
			buildActionMask = 2147483647;
			files = (
			);
			runOnlyForDeploymentPostprocessing = 0;
		};
		D6D1033C1B1C3E970067A58D /* Frameworks */ = {
			isa = PBXFrameworksBuildPhase;
			buildActionMask = 2147483647;
			files = (
			);
			runOnlyForDeploymentPostprocessing = 0;
		};
/* End PBXFrameworksBuildPhase section */

/* Begin PBXGroup section */
		D6D1031D1B1C3E970067A58D = {
			isa = PBXGroup;
			children = (
				D6D103281B1C3E970067A58D /* CollectionViewTest */,
				D6D103421B1C3E970067A58D /* CollectionViewTestTests */,
				D6D103271B1C3E970067A58D /* Products */,
			);
			sourceTree = "<group>";
		};
		D6D103271B1C3E970067A58D /* Products */ = {
			isa = PBXGroup;
			children = (
				D6D103261B1C3E970067A58D /* CollectionViewTest.app */,
				D6D1033F1B1C3E970067A58D /* CollectionViewTestTests.xctest */,
			);
			name = Products;
			sourceTree = "<group>";
		};
		D6D103281B1C3E970067A58D /* CollectionViewTest */ = {
			isa = PBXGroup;
			children = (
				D6D1032D1B1C3E970067A58D /* AppDelegate.h */,
				D6D1032E1B1C3E970067A58D /* AppDelegate.m */,
				D6D103301B1C3E970067A58D /* ViewController.h */,
				D6D103311B1C3E970067A58D /* ViewController.m */,
				D6D103331B1C3E970067A58D /* Main.storyboard */,
				D6D103361B1C3E970067A58D /* Images.xcassets */,
				D6D103381B1C3E970067A58D /* LaunchScreen.xib */,
				D6D103291B1C3E970067A58D /* Supporting Files */,
			);
			path = CollectionViewTest;
			sourceTree = "<group>";
		};
		D6D103291B1C3E970067A58D /* Supporting Files */ = {
			isa = PBXGroup;
			children = (
				D6D1034F1B1C49C30067A58D /* icon_living_room3.png */,
				D6D1032A1B1C3E970067A58D /* Info.plist */,
				D6D1032B1B1C3E970067A58D /* main.m */,
			);
			name = "Supporting Files";
			sourceTree = "<group>";
		};
		D6D103421B1C3E970067A58D /* CollectionViewTestTests */ = {
			isa = PBXGroup;
			children = (
				D6D103451B1C3E970067A58D /* CollectionViewTestTests.m */,
				D6D103431B1C3E970067A58D /* Supporting Files */,
			);
			path = CollectionViewTestTests;
			sourceTree = "<group>";
		};
		D6D103431B1C3E970067A58D /* Supporting Files */ = {
			isa = PBXGroup;
			children = (
				D6D103441B1C3E970067A58D /* Info.plist */,
			);
			name = "Supporting Files";
			sourceTree = "<group>";
		};
/* End PBXGroup section */

/* Begin PBXNativeTarget section */
		D6D103251B1C3E970067A58D /* CollectionViewTest */ = {
			isa = PBXNativeTarget;
			buildConfigurationList = D6D103491B1C3E970067A58D /* Build configuration list for PBXNativeTarget "CollectionViewTest" */;
			buildPhases = (
				D6D103221B1C3E970067A58D /* Sources */,
				D6D103231B1C3E970067A58D /* Frameworks */,
				D6D103241B1C3E970067A58D /* Resources */,
			);
			buildRules = (
			);
			dependencies = (
			);
			name = CollectionViewTest;
			productName = CollectionViewTest;
			productReference = D6D103261B1C3E970067A58D /* CollectionViewTest.app */;
			productType = "com.apple.product-type.application";
		};
		D6D1033E1B1C3E970067A58D /* CollectionViewTestTests */ = {
			isa = PBXNativeTarget;
			buildConfigurationList = D6D1034C1B1C3E970067A58D /* Build configuration list for PBXNativeTarget "CollectionViewTestTests" */;
			buildPhases = (
				D6D1033B1B1C3E970067A58D /* Sources */,
				D6D1033C1B1C3E970067A58D /* Frameworks */,
				D6D1033D1B1C3E970067A58D /* Resources */,
			);
			buildRules = (
			);
			dependencies = (
				D6D103411B1C3E970067A58D /* PBXTargetDependency */,
			);
			name = CollectionViewTestTests;
			productName = CollectionViewTestTests;
			productReference = D6D1033F1B1C3E970067A58D /* CollectionViewTestTests.xctest */;
			productType = "com.apple.product-type.bundle.unit-test";
		};
/* End PBXNativeTarget section */

/* Begin PBXProject section */
		D6D1031E1B1C3E970067A58D /* Project object */ = {
			isa = PBXProject;
			attributes = {
				LastUpgradeCheck = 0630;
				ORGANIZATIONNAME = Gree;
				TargetAttributes = {
					D6D103251B1C3E970067A58D = {
						CreatedOnToolsVersion = 6.3.2;
					};
					D6D1033E1B1C3E970067A58D = {
						CreatedOnToolsVersion = 6.3.2;
						TestTargetID = D6D103251B1C3E970067A58D;
					};
				};
			};
			buildConfigurationList = D6D103211B1C3E970067A58D /* Build configuration list for PBXProject "CollectionViewTest" */;
			compatibilityVersion = "Xcode 3.2";
			developmentRegion = English;
			hasScannedForEncodings = 0;
			knownRegions = (
				en,
				Base,
			);
			mainGroup = D6D1031D1B1C3E970067A58D;
			productRefGroup = D6D103271B1C3E970067A58D /* Products */;
			projectDirPath = "";
			projectRoot = "";
			targets = (
				D6D103251B1C3E970067A58D /* CollectionViewTest */,
				D6D1033E1B1C3E970067A58D /* CollectionViewTestTests */,
			);
		};
/* End PBXProject section */

/* Begin PBXResourcesBuildPhase section */
		D6D103241B1C3E970067A58D /* Resources */ = {
			isa = PBXResourcesBuildPhase;
			buildActionMask = 2147483647;
			files = (
				D6D103501B1C49C30067A58D /* icon_living_room3.png in Resources */,
				D6D103351B1C3E970067A58D /* Main.storyboard in Resources */,
				D6D1033A1B1C3E970067A58D /* LaunchScreen.xib in Resources */,
				D6D103371B1C3E970067A58D /* Images.xcassets in Resources */,
			);
			runOnlyForDeploymentPostprocessing = 0;
		};
		D6D1033D1B1C3E970067A58D /* Resources */ = {
			isa = PBXResourcesBuildPhase;
			buildActionMask = 2147483647;
			files = (
			);
			runOnlyForDeploymentPostprocessing = 0;
		};
/* End PBXResourcesBuildPhase section */

/* Begin PBXSourcesBuildPhase section */
		D6D103221B1C3E970067A58D /* Sources */ = {
			isa = PBXSourcesBuildPhase;
			buildActionMask = 2147483647;
			files = (
				D6D103321B1C3E970067A58D /* ViewController.m in Sources */,
				D6D1032F1B1C3E970067A58D /* AppDelegate.m in Sources */,
				D6D1032C1B1C3E970067A58D /* main.m in Sources */,
			);
			runOnlyForDeploymentPostprocessing = 0;
		};
		D6D1033B1B1C3E970067A58D /* Sources */ = {
			isa = PBXSourcesBuildPhase;
			buildActionMask = 2147483647;
			files = (
				D6D103461B1C3E970067A58D /* CollectionViewTestTests.m in Sources */,
			);
			runOnlyForDeploymentPostprocessing = 0;
		};
/* End PBXSourcesBuildPhase section */

/* Begin PBXTargetDependency section */
		D6D103411B1C3E970067A58D /* PBXTargetDependency */ = {
			isa = PBXTargetDependency;
			target = D6D103251B1C3E970067A58D /* CollectionViewTest */;
			targetProxy = D6D103401B1C3E970067A58D /* PBXContainerItemProxy */;
		};
/* End PBXTargetDependency section */

/* Begin PBXVariantGroup section */
		D6D103331B1C3E970067A58D /* Main.storyboard */ = {
			isa = PBXVariantGroup;
			children = (
				D6D103341B1C3E970067A58D /* Base */,
			);
			name = Main.storyboard;
			sourceTree = "<group>";
		};
		D6D103381B1C3E970067A58D /* LaunchScreen.xib */ = {
			isa = PBXVariantGroup;
			children = (
				D6D103391B1C3E970067A58D /* Base */,
			);
			name = LaunchScreen.xib;
			sourceTree = "<group>";
		};
/* End PBXVariantGroup section */

/* Begin XCBuildConfiguration section */
		D6D103471B1C3E970067A58D /* Debug */ = {
			isa = XCBuildConfiguration;
			buildSettings = {
				ALWAYS_SEARCH_USER_PATHS = NO;
				CLANG_CXX_LANGUAGE_STANDARD = "gnu++0x";
				CLANG_CXX_LIBRARY = "libc++";
				CLANG_ENABLE_MODULES = YES;
				CLANG_ENABLE_OBJC_ARC = YES;
				CLANG_WARN_BOOL_CONVERSION = YES;
				CLANG_WARN_CONSTANT_CONVERSION = YES;
				CLANG_WARN_DIRECT_OBJC_ISA_USAGE = YES_ERROR;
				CLANG_WARN_EMPTY_BODY = YES;
				CLANG_WARN_ENUM_CONVERSION = YES;
				CLANG_WARN_INT_CONVERSION = YES;
				CLANG_WARN_OBJC_ROOT_CLASS = YES_ERROR;
				CLANG_WARN_UNREACHABLE_CODE = YES;
				CLANG_WARN__DUPLICATE_METHOD_MATCH = YES;
				"CODE_SIGN_IDENTITY[sdk=iphoneos*]" = "iPhone Developer";
				COPY_PHASE_STRIP = NO;
				DEBUG_INFORMATION_FORMAT = "dwarf-with-dsym";
				ENABLE_STRICT_OBJC_MSGSEND = YES;
				GCC_C_LANGUAGE_STANDARD = gnu99;
				GCC_DYNAMIC_NO_PIC = NO;
				GCC_NO_COMMON_BLOCKS = YES;
				GCC_OPTIMIZATION_LEVEL = 0;
				GCC_PREPROCESSOR_DEFINITIONS = (
					"DEBUG=1",
					"$(inherited)",
				);
				GCC_SYMBOLS_PRIVATE_EXTERN = NO;
				GCC_WARN_64_TO_32_BIT_CONVERSION = YES;
				GCC_WARN_ABOUT_RETURN_TYPE = YES_ERROR;
				GCC_WARN_UNDECLARED_SELECTOR = YES;
				GCC_WARN_UNINITIALIZED_AUTOS = YES_AGGRESSIVE;
				GCC_WARN_UNUSED_FUNCTION = YES;
				GCC_WARN_UNUSED_VARIABLE = YES;
				IPHONEOS_DEPLOYMENT_TARGET = 8.3;
				MTL_ENABLE_DEBUG_INFO = YES;
				ONLY_ACTIVE_ARCH = YES;
				SDKROOT = iphoneos;
			};
			name = Debug;
		};
		D6D103481B1C3E970067A58D /* Release */ = {
			isa = XCBuildConfiguration;
			buildSettings = {
				ALWAYS_SEARCH_USER_PATHS = NO;
				CLANG_CXX_LANGUAGE_STANDARD = "gnu++0x";
				CLANG_CXX_LIBRARY = "libc++";
				CLANG_ENABLE_MODULES = YES;
				CLANG_ENABLE_OBJC_ARC = YES;
				CLANG_WARN_BOOL_CONVERSION = YES;
				CLANG_WARN_CONSTANT_CONVERSION = YES;
				CLANG_WARN_DIRECT_OBJC_ISA_USAGE = YES_ERROR;
				CLANG_WARN_EMPTY_BODY = YES;
				CLANG_WARN_ENUM_CONVERSION = YES;
				CLANG_WARN_INT_CONVERSION = YES;
				CLANG_WARN_OBJC_ROOT_CLASS = YES_ERROR;
				CLANG_WARN_UNREACHABLE_CODE = YES;
				CLANG_WARN__DUPLICATE_METHOD_MATCH = YES;
				"CODE_SIGN_IDENTITY[sdk=iphoneos*]" = "iPhone Developer";
				COPY_PHASE_STRIP = NO;
				DEBUG_INFORMATION_FORMAT = "dwarf-with-dsym";
				ENABLE_NS_ASSERTIONS = NO;
				ENABLE_STRICT_OBJC_MSGSEND = YES;
				GCC_C_LANGUAGE_STANDARD = gnu99;
				GCC_NO_COMMON_BLOCKS = YES;
				GCC_WARN_64_TO_32_BIT_CONVERSION = YES;
				GCC_WARN_ABOUT_RETURN_TYPE = YES_ERROR;
				GCC_WARN_UNDECLARED_SELECTOR = YES;
				GCC_WARN_UNINITIALIZED_AUTOS = YES_AGGRESSIVE;
				GCC_WARN_UNUSED_FUNCTION = YES;
				GCC_WARN_UNUSED_VARIABLE = YES;
				IPHONEOS_DEPLOYMENT_TARGET = 8.3;
				MTL_ENABLE_DEBUG_INFO = NO;
				SDKROOT = iphoneos;
				VALIDATE_PRODUCT = YES;
			};
			name = Release;
		};
		D6D1034A1B1C3E970067A58D /* Debug */ = {
			isa = XCBuildConfiguration;
			buildSettings = {
				ASSETCATALOG_COMPILER_APPICON_NAME = AppIcon;
				INFOPLIST_FILE = CollectionViewTest/Info.plist;
				LD_RUNPATH_SEARCH_PATHS = "$(inherited) @executable_path/Frameworks";
				PRODUCT_NAME = "$(TARGET_NAME)";
			};
			name = Debug;
		};
		D6D1034B1B1C3E970067A58D /* Release */ = {
			isa = XCBuildConfiguration;
			buildSettings = {
				ASSETCATALOG_COMPILER_APPICON_NAME = AppIcon;
				INFOPLIST_FILE = CollectionViewTest/Info.plist;
				LD_RUNPATH_SEARCH_PATHS = "$(inherited) @executable_path/Frameworks";
				PRODUCT_NAME = "$(TARGET_NAME)";
			};
			name = Release;
		};
		D6D1034D1B1C3E970067A58D /* Debug */ = {
			isa = XCBuildConfiguration;
			buildSettings = {
				BUNDLE_LOADER = "$(TEST_HOST)";
				FRAMEWORK_SEARCH_PATHS = (
					"$(SDKROOT)/Developer/Library/Frameworks",
					"$(inherited)",
				);
				GCC_PREPROCESSOR_DEFINITIONS = (
					"DEBUG=1",
					"$(inherited)",
				);
				INFOPLIST_FILE = CollectionViewTestTests/Info.plist;
				LD_RUNPATH_SEARCH_PATHS = "$(inherited) @executable_path/Frameworks @loader_path/Frameworks";
				PRODUCT_NAME = "$(TARGET_NAME)";
				TEST_HOST = "$(BUILT_PRODUCTS_DIR)/CollectionViewTest.app/CollectionViewTest";
			};
			name = Debug;
		};
		D6D1034E1B1C3E970067A58D /* Release */ = {
			isa = XCBuildConfiguration;
			buildSettings = {
				BUNDLE_LOADER = "$(TEST_HOST)";
				FRAMEWORK_SEARCH_PATHS = (
					"$(SDKROOT)/Developer/Library/Frameworks",
					"$(inherited)",
				);
				INFOPLIST_FILE = CollectionViewTestTests/Info.plist;
				LD_RUNPATH_SEARCH_PATHS = "$(inherited) @executable_path/Frameworks @loader_path/Frameworks";
				PRODUCT_NAME = "$(TARGET_NAME)";
				TEST_HOST = "$(BUILT_PRODUCTS_DIR)/CollectionViewTest.app/CollectionViewTest";
			};
			name = Release;
		};
/* End XCBuildConfiguration section */

/* Begin XCConfigurationList section */
		D6D103211B1C3E970067A58D /* Build configuration list for PBXProject "CollectionViewTest" */ = {
			isa = XCConfigurationList;
			buildConfigurations = (
				D6D103471B1C3E970067A58D /* Debug */,
				D6D103481B1C3E970067A58D /* Release */,
			);
			defaultConfigurationIsVisible = 0;
			defaultConfigurationName = Release;
		};
		D6D103491B1C3E970067A58D /* Build configuration list for PBXNativeTarget "CollectionViewTest" */ = {
			isa = XCConfigurationList;
			buildConfigurations = (
				D6D1034A1B1C3E970067A58D /* Debug */,
				D6D1034B1B1C3E970067A58D /* Release */,
			);
			defaultConfigurationIsVisible = 0;
		};
		D6D1034C1B1C3E970067A58D /* Build configuration list for PBXNativeTarget "CollectionViewTestTests" */ = {
			isa = XCConfigurationList;
			buildConfigurations = (
				D6D1034D1B1C3E970067A58D /* Debug */,
				D6D1034E1B1C3E970067A58D /* Release */,
			);
			defaultConfigurationIsVisible = 0;
		};
/* End XCConfigurationList section */
	};
	rootObject = D6D1031E1B1C3E970067A58D /* Project object */;
}
